
Microsoft Visual Studio Solution File, Format Version 12.00
# Visual Studio 14
VisualStudioVersion = 14.0.23107.0
MinimumVisualStudioVersion = 10.0.40219.1
Project("{FAE04EC0-301F-11D3-BF4B-00C04F79EFBC}") = "CT.Common.Logging", "CT.Common.Logging\CT.Common.Logging.csproj", "{18C9BBDA-D56F-4D9A-BE41-1D2BE8EED253}"
EndProject
Project("{FAE04EC0-301F-11D3-BF4B-00C04F79EFBC}") = "CT.Common.Logging.Test", "CT.Common.Logging.Test\CT.Common.Logging.Test.csproj", "{FD0C32C2-7B41-423F-BEA3-56E0322B6E6A}"
EndProject
Global
	GlobalSection(SolutionConfigurationPlatforms) = preSolution
		Debug|Any CPU = Debug|Any CPU
		Release|Any CPU = Release|Any CPU
	EndGlobalSection
	GlobalSection(ProjectConfigurationPlatforms) = postSolution
		{18C9BBDA-D56F-4D9A-BE41-1D2BE8EED253}.Debug|Any CPU.ActiveCfg = Debug|Any CPU
		{18C9BBDA-D56F-4D9A-BE41-1D2BE8EED253}.Debug|Any CPU.Build.0 = Debug|Any CPU
		{18C9BBDA-D56F-4D9A-BE41-1D2BE8EED253}.Release|Any CPU.ActiveCfg = Release|Any CPU
		{18C9BBDA-D56F-4D9A-BE41-1D2BE8EED253}.Release|Any CPU.Build.0 = Release|Any CPU
		{FD0C32C2-7B41-423F-BEA3-56E0322B6E6A}.Debug|Any CPU.ActiveCfg = Debug|Any CPU
		{FD0C32C2-7B41-423F-BEA3-56E0322B6E6A}.Debug|Any CPU.Build.0 = Debug|Any CPU
		{FD0C32C2-7B41-423F-BEA3-56E0322B6E6A}.Release|Any CPU.ActiveCfg = Release|Any CPU
		{FD0C32C2-7B41-423F-BEA3-56E0322B6E6A}.Release|Any CPU.Build.0 = Release|Any CPU
	EndGlobalSection
	GlobalSection(SolutionProperties) = preSolution
		HideSolutionNode = FALSE
	EndGlobalSection
	GlobalSection(ExtensibilityGlobals) = postSolution
		EnterpriseLibraryConfigurationToolBinariesPathV6 = packages\EnterpriseLibrary.Common.6.0.1304.0\lib\NET45;packages\EnterpriseLibrary.Logging.6.0.1304.0\lib\NET45
	EndGlobalSection
EndGlobal
